
Microsoft Visual Studio Solution File, Format Version 12.00
# Visual Studio Version 16
VisualStudioVersion = 16.0.30320.27
MinimumVisualStudioVersion = 10.0.40219.1
Project("{FAE04EC0-301F-11D3-BF4B-00C04F79EFBC}") = "DojoApplicationApi", "DojoApplicationApi\DojoApplicationApi.csproj", "{058E3727-3A32-421C-B607-5AC1CE0D37CE}"
EndProject
Project("{FAE04EC0-301F-11D3-BF4B-00C04F79EFBC}") = "DataStorage", "DataStorage\DataStorage.csproj", "{35B5AF12-26CB-4FD4-AD3A-ED9E3360D70B}"
EndProject
Project("{FAE04EC0-301F-11D3-BF4B-00C04F79EFBC}") = "DojoApplicationServices", "DojoApplicationServices\DojoApplicationServices.csproj", "{C10EFD77-3F66-475F-BD77-5655AE17AAB3}"
EndProject
Project("{FAE04EC0-301F-11D3-BF4B-00C04F79EFBC}") = "DojoApplicationWeb", "DojoApplicationWeb\DojoApplicationWeb.csproj", "{4A6D7330-E3B7-4552-95C1-3FEB3A5C91A7}"
EndProject
Global
	GlobalSection(SolutionConfigurationPlatforms) = preSolution
		Debug|Any CPU = Debug|Any CPU
		Release|Any CPU = Release|Any CPU
	EndGlobalSection
	GlobalSection(ProjectConfigurationPlatforms) = postSolution
		{058E3727-3A32-421C-B607-5AC1CE0D37CE}.Debug|Any CPU.ActiveCfg = Debug|Any CPU
		{058E3727-3A32-421C-B607-5AC1CE0D37CE}.Debug|Any CPU.Build.0 = Debug|Any CPU
		{058E3727-3A32-421C-B607-5AC1CE0D37CE}.Release|Any CPU.ActiveCfg = Release|Any CPU
		{058E3727-3A32-421C-B607-5AC1CE0D37CE}.Release|Any CPU.Build.0 = Release|Any CPU
		{35B5AF12-26CB-4FD4-AD3A-ED9E3360D70B}.Debug|Any CPU.ActiveCfg = Debug|Any CPU
		{35B5AF12-26CB-4FD4-AD3A-ED9E3360D70B}.Debug|Any CPU.Build.0 = Debug|Any CPU
		{35B5AF12-26CB-4FD4-AD3A-ED9E3360D70B}.Release|Any CPU.ActiveCfg = Release|Any CPU
		{35B5AF12-26CB-4FD4-AD3A-ED9E3360D70B}.Release|Any CPU.Build.0 = Release|Any CPU
		{C10EFD77-3F66-475F-BD77-5655AE17AAB3}.Debug|Any CPU.ActiveCfg = Debug|Any CPU
		{C10EFD77-3F66-475F-BD77-5655AE17AAB3}.Debug|Any CPU.Build.0 = Debug|Any CPU
		{C10EFD77-3F66-475F-BD77-5655AE17AAB3}.Release|Any CPU.ActiveCfg = Release|Any CPU
		{C10EFD77-3F66-475F-BD77-5655AE17AAB3}.Release|Any CPU.Build.0 = Release|Any CPU
		{4A6D7330-E3B7-4552-95C1-3FEB3A5C91A7}.Debug|Any CPU.ActiveCfg = Debug|Any CPU
		{4A6D7330-E3B7-4552-95C1-3FEB3A5C91A7}.Debug|Any CPU.Build.0 = Debug|Any CPU
		{4A6D7330-E3B7-4552-95C1-3FEB3A5C91A7}.Release|Any CPU.ActiveCfg = Release|Any CPU
		{4A6D7330-E3B7-4552-95C1-3FEB3A5C91A7}.Release|Any CPU.Build.0 = Release|Any CPU
	EndGlobalSection
	GlobalSection(SolutionProperties) = preSolution
		HideSolutionNode = FALSE
	EndGlobalSection
	GlobalSection(ExtensibilityGlobals) = postSolution
		SolutionGuid = {F42D8E6E-6B6E-4A20-BED4-72D243CD5C04}
	EndGlobalSection
EndGlobal
